<?xml version="1.0" encoding="utf-8"?>
<Project ToolsVersion="4.0" xmlns="http://schemas.microsoft.com/developer/msbuild/2003">
  <ItemGroup>
    <Filter Include="LogSystem">
      <UniqueIdentifier>{CCA1B2BA-380C-6731-814A-18D7EDF34486}</UniqueIdentifier>
    </Filter>
    <Filter Include="LogSystem\SpdLog">
      <UniqueIdentifier>{44587915-3051-9867-5983-7DEC45DB7773}</UniqueIdentifier>
    </Filter>
    <Filter Include="LogSystem\SpdLog\include">
      <UniqueIdentifier>{B783EC30-A3A8-3BB1-CCF3-2041B8773ACF}</UniqueIdentifier>
    </Filter>
    <Filter Include="LogSystem\SpdLog\include\spdlog">
      <UniqueIdentifier>{0F20C038-7B03-CF78-8406-FDB4F06895C9}</UniqueIdentifier>
    </Filter>
    <Filter Include="LogSystem\SpdLog\include\spdlog\cfg">
      <UniqueIdentifier>{0E08FBDC-7AC1-6587-0321-80616FD91BF7}</UniqueIdentifier>
    </Filter>
    <Filter Include="LogSystem\SpdLog\include\spdlog\details">
      <UniqueIdentifier>{84AF03C0-F03E-C5AA-F93A-A6C2654900B7}</UniqueIdentifier>
    </Filter>
    <Filter Include="LogSystem\SpdLog\include\spdlog\fmt">
      <UniqueIdentifier>{C515FBDC-31CF-6587-BA2E-806126E71BF7}</UniqueIdentifier>
    </Filter>
    <Filter Include="LogSystem\SpdLog\include\spdlog\fmt\bundled">
      <UniqueIdentifier>{B229CF71-1E8F-62F8-A767-04D113CC5767}</UniqueIdentifier>
    </Filter>
    <Filter Include="LogSystem\SpdLog\include\spdlog\sinks">
      <UniqueIdentifier>{C69C0009-3261-FFF8-FBC6-2FC3674A9B2E}</UniqueIdentifier>
    </Filter>
    <Filter Include="src">
      <UniqueIdentifier>{2DAB880B-99B4-887C-2230-9F7C8E38947C}</UniqueIdentifier>
    </Filter>
  </ItemGroup>
  <ItemGroup>
    <ClInclude Include="src\Symbols.h" />
  </ItemGroup>
  <ItemGroup>
    <ClCompile Include="src\Main.cpp">
      <Filter>src</Filter>
    </ClCompile>
  </ItemGroup>
</Project>